
Microsoft Visual Studio Solution File, Format Version 12.00
# Visual Studio Version 17
VisualStudioVersion = 17.5.33502.453
MinimumVisualStudioVersion = 10.0.40219.1
Project("{FAE04EC0-301F-11D3-BF4B-00C04F79EFBC}") = "GrpcGreeterClient", "GrpcGreeterClient\GrpcGreeterClient.csproj", "{46FD352C-7B90-4266-878F-F03602EB47C1}"
EndProject
Global
	GlobalSection(SolutionConfigurationPlatforms) = preSolution
		Debug|Any CPU = Debug|Any CPU
		Release|Any CPU = Release|Any CPU
	EndGlobalSection
	GlobalSection(ProjectConfigurationPlatforms) = postSolution
		{46FD352C-7B90-4266-878F-F03602EB47C1}.Debug|Any CPU.ActiveCfg = Debug|Any CPU
		{46FD352C-7B90-4266-878F-F03602EB47C1}.Debug|Any CPU.Build.0 = Debug|Any CPU
		{46FD352C-7B90-4266-878F-F03602EB47C1}.Release|Any CPU.ActiveCfg = Release|Any CPU
		{46FD352C-7B90-4266-878F-F03602EB47C1}.Release|Any CPU.Build.0 = Release|Any CPU
	EndGlobalSection
	GlobalSection(SolutionProperties) = preSolution
		HideSolutionNode = FALSE
	EndGlobalSection
	GlobalSection(ExtensibilityGlobals) = postSolution
		SolutionGuid = {792456AD-B8F9-439B-AB6D-DE73F9F787AA}
	EndGlobalSection
EndGlobal
